
Microsoft Visual Studio Solution File, Format Version 12.00
Project("{FAE04EC0-301F-11D3-BF4B-00C04F79EFBC}") = "HomeStorageApp", "HomeStorageApp\HomeStorageApp.csproj", "{616FE734-0292-4799-A1B9-D658EE9DB633}"
EndProject
Project("{2150E333-8FDC-42A3-9474-1A3956D46DE8}") = "Solution Items", "Solution Items", "{091E4232-1EF2-4BD7-A6EB-906511868BEB}"
	ProjectSection(SolutionItems) = preProject
		compose.yaml = compose.yaml
		README.md = README.md
	EndProjectSection
EndProject
Project("{2150E333-8FDC-42A3-9474-1A3956D46DE8}") = ".ai", ".ai", "{B1E9F2BF-2E8B-4C3A-903B-601C46B23481}"
	ProjectSection(SolutionItems) = preProject
		.ai\prd.md = .ai\prd.md
		.ai\project-description.md = .ai\project-description.md
		.ai\project-summary.md = .ai\project-summary.md
		.ai\tech-stack.md = .ai\tech-stack.md
	EndProjectSection
EndProject
Project("{2150E333-8FDC-42A3-9474-1A3956D46DE8}") = "src", "src", "{2C74E538-4BD5-4B71-8BC2-2DFFC7FF70C2}"
EndProject
Project("{2150E333-8FDC-42A3-9474-1A3956D46DE8}") = "Modules", "Modules", "{CCF5DDE6-DCC8-4CB7-A62F-31069C8595B8}"
EndProject
Project("{2150E333-8FDC-42A3-9474-1A3956D46DE8}") = "Alerts", "Alerts", "{C8F385D4-739A-4D1D-8ACC-F0E309C3E30B}"
	ProjectSection(SolutionItems) = preProject
		src\Modules\Alerts\HomeStorageApp.Alerts.Api\HomeStorageApp.Alerts.Api.csproj = src\Modules\Alerts\HomeStorageApp.Alerts.Api\HomeStorageApp.Alerts.Api.csproj
		src\Modules\Alerts\HomeStorageApp.Alerts.Core\HomeStorageApp.Alerts.Core.csproj = src\Modules\Alerts\HomeStorageApp.Alerts.Core\HomeStorageApp.Alerts.Core.csproj
		src\Modules\Alerts\HomeStorageApp.Alerts.Persistence\HomeStorageApp.Alerts.Persistence.csproj = src\Modules\Alerts\HomeStorageApp.Alerts.Persistence\HomeStorageApp.Alerts.Persistence.csproj
	EndProjectSection
EndProject
Project("{2150E333-8FDC-42A3-9474-1A3956D46DE8}") = "Identity", "Identity", "{2C30E71E-DF18-4C1D-8168-9515E714ABB4}"
	ProjectSection(SolutionItems) = preProject
		src\Modules\Identity\HomeStorageApp.Identity.Api\HomeStorageApp.Identity.Api.csproj = src\Modules\Identity\HomeStorageApp.Identity.Api\HomeStorageApp.Identity.Api.csproj
		src\Modules\Identity\HomeStorageApp.Identity.Core\HomeStorageApp.Identity.Core.csproj = src\Modules\Identity\HomeStorageApp.Identity.Core\HomeStorageApp.Identity.Core.csproj
		src\Modules\Identity\HomeStorageApp.Identity.Persistence\HomeStorageApp.Identity.Persistence.csproj = src\Modules\Identity\HomeStorageApp.Identity.Persistence\HomeStorageApp.Identity.Persistence.csproj
	EndProjectSection
EndProject
Project("{2150E333-8FDC-42A3-9474-1A3956D46DE8}") = "Stocks", "Stocks", "{7A4A236D-E872-4265-ACDF-EC6E6C07FE9E}"
	ProjectSection(SolutionItems) = preProject
		src\Modules\Stocks\HomeStorageApp.Stocks.Api\HomeStorageApp.Stocks.Api.csproj = src\Modules\Stocks\HomeStorageApp.Stocks.Api\HomeStorageApp.Stocks.Api.csproj
		src\Modules\Stocks\HomeStorageApp.Stocks.Core\HomeStorageApp.Stocks.Core.csproj = src\Modules\Stocks\HomeStorageApp.Stocks.Core\HomeStorageApp.Stocks.Core.csproj
		src\Modules\Stocks\HomeStorageApp.Stocks.Persistence\HomeStorageApp.Stocks.Persistence.csproj = src\Modules\Stocks\HomeStorageApp.Stocks.Persistence\HomeStorageApp.Stocks.Persistence.csproj
	EndProjectSection
EndProject
Project("{2150E333-8FDC-42A3-9474-1A3956D46DE8}") = "Drugs", "Drugs", "{62701F88-D266-47E6-9A6F-FAFA51070D0A}"
	ProjectSection(SolutionItems) = preProject
		src\Modules\Drugs\HomeStorageApp.Drugs.Api\HomeStorageApp.Drugs.Api.csproj = src\Modules\Drugs\HomeStorageApp.Drugs.Api\HomeStorageApp.Drugs.Api.csproj
		src\Modules\Drugs\HomeStorageApp.Drugs.Core\HomeStorageApp.Drugs.Core.csproj = src\Modules\Drugs\HomeStorageApp.Drugs.Core\HomeStorageApp.Drugs.Core.csproj
		src\Modules\Drugs\HomeStorageApp.Drugs.Persistence\HomeStorageApp.Drugs.Persistence.csproj = src\Modules\Drugs\HomeStorageApp.Drugs.Persistence\HomeStorageApp.Drugs.Persistence.csproj
	EndProjectSection
EndProject
Project("{2150E333-8FDC-42A3-9474-1A3956D46DE8}") = "Locations", "Locations", "{FABC7E70-8B17-4AC3-8A5C-C7E4AC206C22}"
	ProjectSection(SolutionItems) = preProject
		src\Modules\Locations\HomeStorageApp.Locations.Api\HomeStorageApp.Locations.Api.csproj = src\Modules\Locations\HomeStorageApp.Locations.Api\HomeStorageApp.Locations.Api.csproj
		src\Modules\Locations\HomeStorageApp.Locations.Core\HomeStorageApp.Locations.Core.csproj = src\Modules\Locations\HomeStorageApp.Locations.Core\HomeStorageApp.Locations.Core.csproj
		src\Modules\Locations\HomeStorageApp.Locations.Persistence\HomeStorageApp.Locations.Persistence.csproj = src\Modules\Locations\HomeStorageApp.Locations.Persistence\HomeStorageApp.Locations.Persistence.csproj
	EndProjectSection
EndProject
Global
	GlobalSection(SolutionConfigurationPlatforms) = preSolution
		Debug|Any CPU = Debug|Any CPU
		Release|Any CPU = Release|Any CPU
	EndGlobalSection
	GlobalSection(ProjectConfigurationPlatforms) = postSolution
		{616FE734-0292-4799-A1B9-D658EE9DB633}.Debug|Any CPU.ActiveCfg = Debug|Any CPU
		{616FE734-0292-4799-A1B9-D658EE9DB633}.Debug|Any CPU.Build.0 = Debug|Any CPU
		{616FE734-0292-4799-A1B9-D658EE9DB633}.Release|Any CPU.ActiveCfg = Release|Any CPU
		{616FE734-0292-4799-A1B9-D658EE9DB633}.Release|Any CPU.Build.0 = Release|Any CPU
	EndGlobalSection
	GlobalSection(NestedProjects) = preSolution
		{CCF5DDE6-DCC8-4CB7-A62F-31069C8595B8} = {2C74E538-4BD5-4B71-8BC2-2DFFC7FF70C2}
		{C8F385D4-739A-4D1D-8ACC-F0E309C3E30B} = {CCF5DDE6-DCC8-4CB7-A62F-31069C8595B8}
		{2C30E71E-DF18-4C1D-8168-9515E714ABB4} = {CCF5DDE6-DCC8-4CB7-A62F-31069C8595B8}
		{7A4A236D-E872-4265-ACDF-EC6E6C07FE9E} = {CCF5DDE6-DCC8-4CB7-A62F-31069C8595B8}
		{62701F88-D266-47E6-9A6F-FAFA51070D0A} = {CCF5DDE6-DCC8-4CB7-A62F-31069C8595B8}
		{FABC7E70-8B17-4AC3-8A5C-C7E4AC206C22} = {CCF5DDE6-DCC8-4CB7-A62F-31069C8595B8}
	EndGlobalSection
EndGlobal
